// !$*UTF8*$!
{
	archiveVersion = 1;
	classes = {
	};
	objectVersion = 46;
	objects = {

/* Begin PBXBuildFile section */
		1F276A726BB2E9D251424F68 /* Pods_iOSCupcake.framework in Frameworks */ = {isa = PBXBuildFile; fileRef = E0172E2BD9F500D5D8BAE70B /* Pods_iOSCupcake.framework */; };
		3CE1AEF31D5710C500F4027E /* AppDelegate.swift in Sources */ = {isa = PBXBuildFile; fileRef = 3CE1AEF21D5710C500F4027E /* AppDelegate.swift */; };
		3CE1AEF51D5710C500F4027E /* DetailViewController.swift in Sources */ = {isa = PBXBuildFile; fileRef = 3CE1AEF41D5710C500F4027E /* DetailViewController.swift */; };
		3CE1AEF81D5710C500F4027E /* Main.storyboard in Resources */ = {isa = PBXBuildFile; fileRef = 3CE1AEF61D5710C500F4027E /* Main.storyboard */; };
		3CE1AEFA1D5710C500F4027E /* Assets.xcassets in Resources */ = {isa = PBXBuildFile; fileRef = 3CE1AEF91D5710C500F4027E /* Assets.xcassets */; };
		3CE1AEFD1D5710C500F4027E /* LaunchScreen.storyboard in Resources */ = {isa = PBXBuildFile; fileRef = 3CE1AEFB1D5710C500F4027E /* LaunchScreen.storyboard */; };
		3CE1AF081D5710C500F4027E /* iOSCupcakeTests.swift in Sources */ = {isa = PBXBuildFile; fileRef = 3CE1AF071D5710C500F4027E /* iOSCupcakeTests.swift */; };
		3CE1AF131D5710C500F4027E /* iOSCupcakeUITests.swift in Sources */ = {isa = PBXBuildFile; fileRef = 3CE1AF121D5710C500F4027E /* iOSCupcakeUITests.swift */; };
		3CE1AF241D57120E00F4027E /* Cupcake.swift in Sources */ = {isa = PBXBuildFile; fileRef = 3CE1AF231D57120E00F4027E /* Cupcake.swift */; };
		3CE1AF261D5717BD00F4027E /* CupcakeTableViewController.swift in Sources */ = {isa = PBXBuildFile; fileRef = 3CE1AF251D5717BD00F4027E /* CupcakeTableViewController.swift */; };
		3CE1AF271D5717BD00F4027E /* CupcakeTableViewController.swift in Sources */ = {isa = PBXBuildFile; fileRef = 3CE1AF251D5717BD00F4027E /* CupcakeTableViewController.swift */; };
		3CE1AF281D5717BD00F4027E /* CupcakeTableViewController.swift in Sources */ = {isa = PBXBuildFile; fileRef = 3CE1AF251D5717BD00F4027E /* CupcakeTableViewController.swift */; };
		3CE1AF2A1D57195300F4027E /* RatingControl.swift in Sources */ = {isa = PBXBuildFile; fileRef = 3CE1AF291D57195300F4027E /* RatingControl.swift */; };
		3CE1AF2B1D57195300F4027E /* RatingControl.swift in Sources */ = {isa = PBXBuildFile; fileRef = 3CE1AF291D57195300F4027E /* RatingControl.swift */; };
		3CE1AF2C1D57195300F4027E /* RatingControl.swift in Sources */ = {isa = PBXBuildFile; fileRef = 3CE1AF291D57195300F4027E /* RatingControl.swift */; };
		3CE1AF2E1D571BC500F4027E /* CupcakeTableViewCell.swift in Sources */ = {isa = PBXBuildFile; fileRef = 3CE1AF2D1D571BC500F4027E /* CupcakeTableViewCell.swift */; };
		3CE1AF2F1D571BC500F4027E /* CupcakeTableViewCell.swift in Sources */ = {isa = PBXBuildFile; fileRef = 3CE1AF2D1D571BC500F4027E /* CupcakeTableViewCell.swift */; };
		3CE1AF301D571BC500F4027E /* CupcakeTableViewCell.swift in Sources */ = {isa = PBXBuildFile; fileRef = 3CE1AF2D1D571BC500F4027E /* CupcakeTableViewCell.swift */; };
		3CE1AF321D581DB300F4027E /* UIImage+Colorize.swift in Sources */ = {isa = PBXBuildFile; fileRef = 3CE1AF311D581DB300F4027E /* UIImage+Colorize.swift */; };
/* End PBXBuildFile section */

/* Begin PBXContainerItemProxy section */
		3CE1AF041D5710C500F4027E /* PBXContainerItemProxy */ = {
			isa = PBXContainerItemProxy;
			containerPortal = 3CE1AEE71D5710C500F4027E /* Project object */;
			proxyType = 1;
			remoteGlobalIDString = 3CE1AEEE1D5710C500F4027E;
			remoteInfo = iOSCupcake;
		};
		3CE1AF0F1D5710C500F4027E /* PBXContainerItemProxy */ = {
			isa = PBXContainerItemProxy;
			containerPortal = 3CE1AEE71D5710C500F4027E /* Project object */;
			proxyType = 1;
			remoteGlobalIDString = 3CE1AEEE1D5710C500F4027E;
			remoteInfo = iOSCupcake;
		};
/* End PBXContainerItemProxy section */

/* Begin PBXFileReference section */
		3CE1AEEF1D5710C500F4027E /* iOSCupcake.app */ = {isa = PBXFileReference; explicitFileType = wrapper.application; includeInIndex = 0; path = iOSCupcake.app; sourceTree = BUILT_PRODUCTS_DIR; };
		3CE1AEF21D5710C500F4027E /* AppDelegate.swift */ = {isa = PBXFileReference; lastKnownFileType = sourcecode.swift; path = AppDelegate.swift; sourceTree = "<group>"; };
		3CE1AEF41D5710C500F4027E /* DetailViewController.swift */ = {isa = PBXFileReference; lastKnownFileType = sourcecode.swift; name = DetailViewController.swift; path = ../DetailViewController.swift; sourceTree = "<group>"; };
		3CE1AEF71D5710C500F4027E /* Base */ = {isa = PBXFileReference; lastKnownFileType = file.storyboard; name = Base; path = Base.lproj/Main.storyboard; sourceTree = "<group>"; };
		3CE1AEF91D5710C500F4027E /* Assets.xcassets */ = {isa = PBXFileReference; lastKnownFileType = folder.assetcatalog; path = Assets.xcassets; sourceTree = "<group>"; };
		3CE1AEFC1D5710C500F4027E /* Base */ = {isa = PBXFileReference; lastKnownFileType = file.storyboard; name = Base; path = Base.lproj/LaunchScreen.storyboard; sourceTree = "<group>"; };
		3CE1AEFE1D5710C500F4027E /* Info.plist */ = {isa = PBXFileReference; lastKnownFileType = text.plist.xml; path = Info.plist; sourceTree = "<group>"; };
		3CE1AF031D5710C500F4027E /* iOSCupcakeTests.xctest */ = {isa = PBXFileReference; explicitFileType = wrapper.cfbundle; includeInIndex = 0; path = iOSCupcakeTests.xctest; sourceTree = BUILT_PRODUCTS_DIR; };
		3CE1AF071D5710C500F4027E /* iOSCupcakeTests.swift */ = {isa = PBXFileReference; lastKnownFileType = sourcecode.swift; path = iOSCupcakeTests.swift; sourceTree = "<group>"; };
		3CE1AF091D5710C500F4027E /* Info.plist */ = {isa = PBXFileReference; lastKnownFileType = text.plist.xml; path = Info.plist; sourceTree = "<group>"; };
		3CE1AF0E1D5710C500F4027E /* iOSCupcakeUITests.xctest */ = {isa = PBXFileReference; explicitFileType = wrapper.cfbundle; includeInIndex = 0; path = iOSCupcakeUITests.xctest; sourceTree = BUILT_PRODUCTS_DIR; };
		3CE1AF121D5710C500F4027E /* iOSCupcakeUITests.swift */ = {isa = PBXFileReference; lastKnownFileType = sourcecode.swift; path = iOSCupcakeUITests.swift; sourceTree = "<group>"; };
		3CE1AF141D5710C500F4027E /* Info.plist */ = {isa = PBXFileReference; lastKnownFileType = text.plist.xml; path = Info.plist; sourceTree = "<group>"; };
		3CE1AF231D57120E00F4027E /* Cupcake.swift */ = {isa = PBXFileReference; fileEncoding = 4; lastKnownFileType = sourcecode.swift; path = Cupcake.swift; sourceTree = "<group>"; };
		3CE1AF251D5717BD00F4027E /* CupcakeTableViewController.swift */ = {isa = PBXFileReference; fileEncoding = 4; lastKnownFileType = sourcecode.swift; path = CupcakeTableViewController.swift; sourceTree = "<group>"; };
		3CE1AF291D57195300F4027E /* RatingControl.swift */ = {isa = PBXFileReference; fileEncoding = 4; lastKnownFileType = sourcecode.swift; path = RatingControl.swift; sourceTree = "<group>"; };
		3CE1AF2D1D571BC500F4027E /* CupcakeTableViewCell.swift */ = {isa = PBXFileReference; fileEncoding = 4; lastKnownFileType = sourcecode.swift; path = CupcakeTableViewCell.swift; sourceTree = "<group>"; };
		3CE1AF311D581DB300F4027E /* UIImage+Colorize.swift */ = {isa = PBXFileReference; fileEncoding = 4; lastKnownFileType = sourcecode.swift; path = "UIImage+Colorize.swift"; sourceTree = "<group>"; };
		56FFD0F6D06BB430C908BE1C /* Pods-iOSCupcake.release.xcconfig */ = {isa = PBXFileReference; includeInIndex = 1; lastKnownFileType = text.xcconfig; name = "Pods-iOSCupcake.release.xcconfig"; path = "Pods/Target Support Files/Pods-iOSCupcake/Pods-iOSCupcake.release.xcconfig"; sourceTree = "<group>"; };
		E0172E2BD9F500D5D8BAE70B /* Pods_iOSCupcake.framework */ = {isa = PBXFileReference; explicitFileType = wrapper.framework; includeInIndex = 0; path = Pods_iOSCupcake.framework; sourceTree = BUILT_PRODUCTS_DIR; };
		ED2E1C6CD48B05EE7B46722A /* Pods-iOSCupcake.debug.xcconfig */ = {isa = PBXFileReference; includeInIndex = 1; lastKnownFileType = text.xcconfig; name = "Pods-iOSCupcake.debug.xcconfig"; path = "Pods/Target Support Files/Pods-iOSCupcake/Pods-iOSCupcake.debug.xcconfig"; sourceTree = "<group>"; };
/* End PBXFileReference section */

/* Begin PBXFrameworksBuildPhase section */
		3CE1AEEC1D5710C500F4027E /* Frameworks */ = {
			isa = PBXFrameworksBuildPhase;
			buildActionMask = 2147483647;
			files = (
				1F276A726BB2E9D251424F68 /* Pods_iOSCupcake.framework in Frameworks */,
			);
			runOnlyForDeploymentPostprocessing = 0;
		};
		3CE1AF001D5710C500F4027E /* Frameworks */ = {
			isa = PBXFrameworksBuildPhase;
			buildActionMask = 2147483647;
			files = (
			);
			runOnlyForDeploymentPostprocessing = 0;
		};
		3CE1AF0B1D5710C500F4027E /* Frameworks */ = {
			isa = PBXFrameworksBuildPhase;
			buildActionMask = 2147483647;
			files = (
			);
			runOnlyForDeploymentPostprocessing = 0;
		};
/* End PBXFrameworksBuildPhase section */

/* Begin PBXGroup section */
		066276F13D9BB275F37A0575 /* Frameworks */ = {
			isa = PBXGroup;
			children = (
				E0172E2BD9F500D5D8BAE70B /* Pods_iOSCupcake.framework */,
			);
			name = Frameworks;
			sourceTree = "<group>";
		};
		3CE1AEE61D5710C500F4027E = {
			isa = PBXGroup;
			children = (
				3CE1AEF11D5710C500F4027E /* iOSCupcake */,
				3CE1AF061D5710C500F4027E /* iOSCupcakeTests */,
				3CE1AF111D5710C500F4027E /* iOSCupcakeUITests */,
				3CE1AEF01D5710C500F4027E /* Products */,
				A08C4A959D66DFB8EC08013C /* Pods */,
				066276F13D9BB275F37A0575 /* Frameworks */,
			);
			sourceTree = "<group>";
		};
		3CE1AEF01D5710C500F4027E /* Products */ = {
			isa = PBXGroup;
			children = (
				3CE1AEEF1D5710C500F4027E /* iOSCupcake.app */,
				3CE1AF031D5710C500F4027E /* iOSCupcakeTests.xctest */,
				3CE1AF0E1D5710C500F4027E /* iOSCupcakeUITests.xctest */,
			);
			name = Products;
			sourceTree = "<group>";
		};
		3CE1AEF11D5710C500F4027E /* iOSCupcake */ = {
			isa = PBXGroup;
			children = (
				3CE1AF221D57114A00F4027E /* tableviewcells */,
				3CE1AF211D57113200F4027E /* model */,
				3CE1AF201D57110A00F4027E /* viewcontrollers */,
				3CE1AEF21D5710C500F4027E /* AppDelegate.swift */,
				3CE1AEF61D5710C500F4027E /* Main.storyboard */,
				3CE1AEF91D5710C500F4027E /* Assets.xcassets */,
				3CE1AEFB1D5710C500F4027E /* LaunchScreen.storyboard */,
				3CE1AEFE1D5710C500F4027E /* Info.plist */,
			);
			path = iOSCupcake;
			sourceTree = "<group>";
		};
		3CE1AF061D5710C500F4027E /* iOSCupcakeTests */ = {
			isa = PBXGroup;
			children = (
				3CE1AF071D5710C500F4027E /* iOSCupcakeTests.swift */,
				3CE1AF091D5710C500F4027E /* Info.plist */,
			);
			path = iOSCupcakeTests;
			sourceTree = "<group>";
		};
		3CE1AF111D5710C500F4027E /* iOSCupcakeUITests */ = {
			isa = PBXGroup;
			children = (
				3CE1AF121D5710C500F4027E /* iOSCupcakeUITests.swift */,
				3CE1AF141D5710C500F4027E /* Info.plist */,
			);
			path = iOSCupcakeUITests;
			sourceTree = "<group>";
		};
		3CE1AF201D57110A00F4027E /* viewcontrollers */ = {
			isa = PBXGroup;
			children = (
				3CE1AEF41D5710C500F4027E /* DetailViewController.swift */,
				3CE1AF251D5717BD00F4027E /* CupcakeTableViewController.swift */,
			);
			path = viewcontrollers;
			sourceTree = "<group>";
		};
		3CE1AF211D57113200F4027E /* model */ = {
			isa = PBXGroup;
			children = (
				3CE1AF231D57120E00F4027E /* Cupcake.swift */,
			);
			name = model;
			path = mode;
			sourceTree = "<group>";
		};
		3CE1AF221D57114A00F4027E /* tableviewcells */ = {
			isa = PBXGroup;
			children = (
				3CE1AF291D57195300F4027E /* RatingControl.swift */,
				3CE1AF2D1D571BC500F4027E /* CupcakeTableViewCell.swift */,
				3CE1AF311D581DB300F4027E /* UIImage+Colorize.swift */,
			);
			path = tableviewcells;
			sourceTree = "<group>";
		};
		A08C4A959D66DFB8EC08013C /* Pods */ = {
			isa = PBXGroup;
			children = (
				ED2E1C6CD48B05EE7B46722A /* Pods-iOSCupcake.debug.xcconfig */,
				56FFD0F6D06BB430C908BE1C /* Pods-iOSCupcake.release.xcconfig */,
			);
			name = Pods;
			sourceTree = "<group>";
		};
/* End PBXGroup section */

/* Begin PBXNativeTarget section */
		3CE1AEEE1D5710C500F4027E /* iOSCupcake */ = {
			isa = PBXNativeTarget;
			buildConfigurationList = 3CE1AF171D5710C500F4027E /* Build configuration list for PBXNativeTarget "iOSCupcake" */;
			buildPhases = (
				1A19690EAFA0FD1E1D53BA4A /* Check Pods Manifest.lock */,
				3CE1AEEB1D5710C500F4027E /* Sources */,
				3CE1AEEC1D5710C500F4027E /* Frameworks */,
				3CE1AEED1D5710C500F4027E /* Resources */,
				B4F7A1CD134CA5FBA629A020 /* Embed Pods Frameworks */,
				AC42B9F4B5C28746D98894CB /* Copy Pods Resources */,
			);
			buildRules = (
			);
			dependencies = (
			);
			name = iOSCupcake;
			productName = iOSCupcake;
			productReference = 3CE1AEEF1D5710C500F4027E /* iOSCupcake.app */;
			productType = "com.apple.product-type.application";
		};
		3CE1AF021D5710C500F4027E /* iOSCupcakeTests */ = {
			isa = PBXNativeTarget;
			buildConfigurationList = 3CE1AF1A1D5710C500F4027E /* Build configuration list for PBXNativeTarget "iOSCupcakeTests" */;
			buildPhases = (
				3CE1AEFF1D5710C500F4027E /* Sources */,
				3CE1AF001D5710C500F4027E /* Frameworks */,
				3CE1AF011D5710C500F4027E /* Resources */,
			);
			buildRules = (
			);
			dependencies = (
				3CE1AF051D5710C500F4027E /* PBXTargetDependency */,
			);
			name = iOSCupcakeTests;
			productName = iOSCupcakeTests;
			productReference = 3CE1AF031D5710C500F4027E /* iOSCupcakeTests.xctest */;
			productType = "com.apple.product-type.bundle.unit-test";
		};
		3CE1AF0D1D5710C500F4027E /* iOSCupcakeUITests */ = {
			isa = PBXNativeTarget;
			buildConfigurationList = 3CE1AF1D1D5710C500F4027E /* Build configuration list for PBXNativeTarget "iOSCupcakeUITests" */;
			buildPhases = (
				3CE1AF0A1D5710C500F4027E /* Sources */,
				3CE1AF0B1D5710C500F4027E /* Frameworks */,
				3CE1AF0C1D5710C500F4027E /* Resources */,
			);
			buildRules = (
			);
			dependencies = (
				3CE1AF101D5710C500F4027E /* PBXTargetDependency */,
			);
			name = iOSCupcakeUITests;
			productName = iOSCupcakeUITests;
			productReference = 3CE1AF0E1D5710C500F4027E /* iOSCupcakeUITests.xctest */;
			productType = "com.apple.product-type.bundle.ui-testing";
		};
/* End PBXNativeTarget section */

/* Begin PBXProject section */
		3CE1AEE71D5710C500F4027E /* Project object */ = {
			isa = PBXProject;
			attributes = {
				LastSwiftUpdateCheck = 0730;
				LastUpgradeCheck = 0730;
				ORGANIZATIONNAME = "Hassan Abid";
				TargetAttributes = {
					3CE1AEEE1D5710C500F4027E = {
						CreatedOnToolsVersion = 7.3;
						DevelopmentTeam = ZBZ6445J8B;
					};
					3CE1AF021D5710C500F4027E = {
						CreatedOnToolsVersion = 7.3;
						TestTargetID = 3CE1AEEE1D5710C500F4027E;
					};
					3CE1AF0D1D5710C500F4027E = {
						CreatedOnToolsVersion = 7.3;
						TestTargetID = 3CE1AEEE1D5710C500F4027E;
					};
				};
			};
			buildConfigurationList = 3CE1AEEA1D5710C500F4027E /* Build configuration list for PBXProject "iOSCupcake" */;
			compatibilityVersion = "Xcode 3.2";
			developmentRegion = English;
			hasScannedForEncodings = 0;
			knownRegions = (
				en,
				Base,
			);
			mainGroup = 3CE1AEE61D5710C500F4027E;
			productRefGroup = 3CE1AEF01D5710C500F4027E /* Products */;
			projectDirPath = "";
			projectRoot = "";
			targets = (
				3CE1AEEE1D5710C500F4027E /* iOSCupcake */,
				3CE1AF021D5710C500F4027E /* iOSCupcakeTests */,
				3CE1AF0D1D5710C500F4027E /* iOSCupcakeUITests */,
			);
		};
/* End PBXProject section */

/* Begin PBXResourcesBuildPhase section */
		3CE1AEED1D5710C500F4027E /* Resources */ = {
			isa = PBXResourcesBuildPhase;
			buildActionMask = 2147483647;
			files = (
				3CE1AEFD1D5710C500F4027E /* LaunchScreen.storyboard in Resources */,
				3CE1AEFA1D5710C500F4027E /* Assets.xcassets in Resources */,
				3CE1AEF81D5710C500F4027E /* Main.storyboard in Resources */,
			);
			runOnlyForDeploymentPostprocessing = 0;
		};
		3CE1AF011D5710C500F4027E /* Resources */ = {
			isa = PBXResourcesBuildPhase;
			buildActionMask = 2147483647;
			files = (
			);
			runOnlyForDeploymentPostprocessing = 0;
		};
		3CE1AF0C1D5710C500F4027E /* Resources */ = {
			isa = PBXResourcesBuildPhase;
			buildActionMask = 2147483647;
			files = (
			);
			runOnlyForDeploymentPostprocessing = 0;
		};
/* End PBXResourcesBuildPhase section */

/* Begin PBXShellScriptBuildPhase section */
		1A19690EAFA0FD1E1D53BA4A /* Check Pods Manifest.lock */ = {
			isa = PBXShellScriptBuildPhase;
			buildActionMask = 2147483647;
			files = (
			);
			inputPaths = (
			);
			name = "Check Pods Manifest.lock";
			outputPaths = (
			);
			runOnlyForDeploymentPostprocessing = 0;
			shellPath = /bin/sh;
			shellScript = "diff \"${PODS_ROOT}/../Podfile.lock\" \"${PODS_ROOT}/Manifest.lock\" > /dev/null\nif [[ $? != 0 ]] ; then\n    cat << EOM\nerror: The sandbox is not in sync with the Podfile.lock. Run 'pod install' or update your CocoaPods installation.\nEOM\n    exit 1\nfi\n";
			showEnvVarsInLog = 0;
		};
		AC42B9F4B5C28746D98894CB /* Copy Pods Resources */ = {
			isa = PBXShellScriptBuildPhase;
			buildActionMask = 2147483647;
			files = (
			);
			inputPaths = (
			);
			name = "Copy Pods Resources";
			outputPaths = (
			);
			runOnlyForDeploymentPostprocessing = 0;
			shellPath = /bin/sh;
			shellScript = "\"${SRCROOT}/Pods/Target Support Files/Pods-iOSCupcake/Pods-iOSCupcake-resources.sh\"\n";
			showEnvVarsInLog = 0;
		};
		B4F7A1CD134CA5FBA629A020 /* Embed Pods Frameworks */ = {
			isa = PBXShellScriptBuildPhase;
			buildActionMask = 2147483647;
			files = (
			);
			inputPaths = (
			);
			name = "Embed Pods Frameworks";
			outputPaths = (
			);
			runOnlyForDeploymentPostprocessing = 0;
			shellPath = /bin/sh;
			shellScript = "\"${SRCROOT}/Pods/Target Support Files/Pods-iOSCupcake/Pods-iOSCupcake-frameworks.sh\"\n";
			showEnvVarsInLog = 0;
		};
/* End PBXShellScriptBuildPhase section */

/* Begin PBXSourcesBuildPhase section */
		3CE1AEEB1D5710C500F4027E /* Sources */ = {
			isa = PBXSourcesBuildPhase;
			buildActionMask = 2147483647;
			files = (
				3CE1AF321D581DB300F4027E /* UIImage+Colorize.swift in Sources */,
				3CE1AF261D5717BD00F4027E /* CupcakeTableViewController.swift in Sources */,
				3CE1AEF51D5710C500F4027E /* DetailViewController.swift in Sources */,
				3CE1AF241D57120E00F4027E /* Cupcake.swift in Sources */,
				3CE1AF2A1D57195300F4027E /* RatingControl.swift in Sources */,
				3CE1AF2E1D571BC500F4027E /* CupcakeTableViewCell.swift in Sources */,
				3CE1AEF31D5710C500F4027E /* AppDelegate.swift in Sources */,
			);
			runOnlyForDeploymentPostprocessing = 0;
		};
		3CE1AEFF1D5710C500F4027E /* Sources */ = {
			isa = PBXSourcesBuildPhase;
			buildActionMask = 2147483647;
			files = (
				3CE1AF2F1D571BC500F4027E /* CupcakeTableViewCell.swift in Sources */,
				3CE1AF271D5717BD00F4027E /* CupcakeTableViewController.swift in Sources */,
				3CE1AF2B1D57195300F4027E /* RatingControl.swift in Sources */,
				3CE1AF081D5710C500F4027E /* iOSCupcakeTests.swift in Sources */,
			);
			runOnlyForDeploymentPostprocessing = 0;
		};
		3CE1AF0A1D5710C500F4027E /* Sources */ = {
			isa = PBXSourcesBuildPhase;
			buildActionMask = 2147483647;
			files = (
				3CE1AF301D571BC500F4027E /* CupcakeTableViewCell.swift in Sources */,
				3CE1AF281D5717BD00F4027E /* CupcakeTableViewController.swift in Sources */,
				3CE1AF2C1D57195300F4027E /* RatingControl.swift in Sources */,
				3CE1AF131D5710C500F4027E /* iOSCupcakeUITests.swift in Sources */,
			);
			runOnlyForDeploymentPostprocessing = 0;
		};
/* End PBXSourcesBuildPhase section */

/* Begin PBXTargetDependency section */
		3CE1AF051D5710C500F4027E /* PBXTargetDependency */ = {
			isa = PBXTargetDependency;
			target = 3CE1AEEE1D5710C500F4027E /* iOSCupcake */;
			targetProxy = 3CE1AF041D5710C500F4027E /* PBXContainerItemProxy */;
		};
		3CE1AF101D5710C500F4027E /* PBXTargetDependency */ = {
			isa = PBXTargetDependency;
			target = 3CE1AEEE1D5710C500F4027E /* iOSCupcake */;
			targetProxy = 3CE1AF0F1D5710C500F4027E /* PBXContainerItemProxy */;
		};
/* End PBXTargetDependency section */

/* Begin PBXVariantGroup section */
		3CE1AEF61D5710C500F4027E /* Main.storyboard */ = {
			isa = PBXVariantGroup;
			children = (
				3CE1AEF71D5710C500F4027E /* Base */,
			);
			name = Main.storyboard;
			sourceTree = "<group>";
		};
		3CE1AEFB1D5710C500F4027E /* LaunchScreen.storyboard */ = {
			isa = PBXVariantGroup;
			children = (
				3CE1AEFC1D5710C500F4027E /* Base */,
			);
			name = LaunchScreen.storyboard;
			sourceTree = "<group>";
		};
/* End PBXVariantGroup section */

/* Begin XCBuildConfiguration section */
		3CE1AF151D5710C500F4027E /* Debug */ = {
			isa = XCBuildConfiguration;
			buildSettings = {
				ALWAYS_SEARCH_USER_PATHS = NO;
				CLANG_ANALYZER_NONNULL = YES;
				CLANG_CXX_LANGUAGE_STANDARD = "gnu++0x";
				CLANG_CXX_LIBRARY = "libc++";
				CLANG_ENABLE_MODULES = YES;
				CLANG_ENABLE_OBJC_ARC = YES;
				CLANG_WARN_BOOL_CONVERSION = YES;
				CLANG_WARN_CONSTANT_CONVERSION = YES;
				CLANG_WARN_DIRECT_OBJC_ISA_USAGE = YES_ERROR;
				CLANG_WARN_EMPTY_BODY = YES;
				CLANG_WARN_ENUM_CONVERSION = YES;
				CLANG_WARN_INT_CONVERSION = YES;
				CLANG_WARN_OBJC_ROOT_CLASS = YES_ERROR;
				CLANG_WARN_UNREACHABLE_CODE = YES;
				CLANG_WARN__DUPLICATE_METHOD_MATCH = YES;
				"CODE_SIGN_IDENTITY[sdk=iphoneos*]" = "iPhone Developer";
				COPY_PHASE_STRIP = NO;
				DEBUG_INFORMATION_FORMAT = dwarf;
				ENABLE_STRICT_OBJC_MSGSEND = YES;
				ENABLE_TESTABILITY = YES;
				GCC_C_LANGUAGE_STANDARD = gnu99;
				GCC_DYNAMIC_NO_PIC = NO;
				GCC_NO_COMMON_BLOCKS = YES;
				GCC_OPTIMIZATION_LEVEL = 0;
				GCC_PREPROCESSOR_DEFINITIONS = (
					"DEBUG=1",
					"$(inherited)",
				);
				GCC_WARN_64_TO_32_BIT_CONVERSION = YES;
				GCC_WARN_ABOUT_RETURN_TYPE = YES_ERROR;
				GCC_WARN_UNDECLARED_SELECTOR = YES;
				GCC_WARN_UNINITIALIZED_AUTOS = YES_AGGRESSIVE;
				GCC_WARN_UNUSED_FUNCTION = YES;
				GCC_WARN_UNUSED_VARIABLE = YES;
				IPHONEOS_DEPLOYMENT_TARGET = 9.3;
				MTL_ENABLE_DEBUG_INFO = YES;
				ONLY_ACTIVE_ARCH = YES;
				SDKROOT = iphoneos;
				SWIFT_OPTIMIZATION_LEVEL = "-Onone";
				TARGETED_DEVICE_FAMILY = "1,2";
			};
			name = Debug;
		};
		3CE1AF161D5710C500F4027E /* Release */ = {
			isa = XCBuildConfiguration;
			buildSettings = {
				ALWAYS_SEARCH_USER_PATHS = NO;
				CLANG_ANALYZER_NONNULL = YES;
				CLANG_CXX_LANGUAGE_STANDARD = "gnu++0x";
				CLANG_CXX_LIBRARY = "libc++";
				CLANG_ENABLE_MODULES = YES;
				CLANG_ENABLE_OBJC_ARC = YES;
				CLANG_WARN_BOOL_CONVERSION = YES;
				CLANG_WARN_CONSTANT_CONVERSION = YES;
				CLANG_WARN_DIRECT_OBJC_ISA_USAGE = YES_ERROR;
				CLANG_WARN_EMPTY_BODY = YES;
				CLANG_WARN_ENUM_CONVERSION = YES;
				CLANG_WARN_INT_CONVERSION = YES;
				CLANG_WARN_OBJC_ROOT_CLASS = YES_ERROR;
				CLANG_WARN_UNREACHABLE_CODE = YES;
				CLANG_WARN__DUPLICATE_METHOD_MATCH = YES;
				"CODE_SIGN_IDENTITY[sdk=iphoneos*]" = "iPhone Developer";
				COPY_PHASE_STRIP = NO;
				DEBUG_INFORMATION_FORMAT = "dwarf-with-dsym";
				ENABLE_NS_ASSERTIONS = NO;
				ENABLE_STRICT_OBJC_MSGSEND = YES;
				GCC_C_LANGUAGE_STANDARD = gnu99;
				GCC_NO_COMMON_BLOCKS = YES;
				GCC_WARN_64_TO_32_BIT_CONVERSION = YES;
				GCC_WARN_ABOUT_RETURN_TYPE = YES_ERROR;
				GCC_WARN_UNDECLARED_SELECTOR = YES;
				GCC_WARN_UNINITIALIZED_AUTOS = YES_AGGRESSIVE;
				GCC_WARN_UNUSED_FUNCTION = YES;
				GCC_WARN_UNUSED_VARIABLE = YES;
				IPHONEOS_DEPLOYMENT_TARGET = 9.3;
				MTL_ENABLE_DEBUG_INFO = NO;
				SDKROOT = iphoneos;
				TARGETED_DEVICE_FAMILY = "1,2";
				VALIDATE_PRODUCT = YES;
			};
			name = Release;
		};
		3CE1AF181D5710C500F4027E /* Debug */ = {
			isa = XCBuildConfiguration;
			baseConfigurationReference = ED2E1C6CD48B05EE7B46722A /* Pods-iOSCupcake.debug.xcconfig */;
			buildSettings = {
				ASSETCATALOG_COMPILER_APPICON_NAME = AppIcon;
				CODE_SIGN_IDENTITY = "iPhone Developer";
				INFOPLIST_FILE = iOSCupcake/Info.plist;
				IPHONEOS_DEPLOYMENT_TARGET = 9.0;
				LD_RUNPATH_SEARCH_PATHS = "$(inherited) @executable_path/Frameworks";
				PRODUCT_BUNDLE_IDENTIFIER = com.hassanabid.iOSCupcake;
				PRODUCT_NAME = "$(TARGET_NAME)";
			};
			name = Debug;
		};
		3CE1AF191D5710C500F4027E /* Release */ = {
			isa = XCBuildConfiguration;
			baseConfigurationReference = 56FFD0F6D06BB430C908BE1C /* Pods-iOSCupcake.release.xcconfig */;
			buildSettings = {
				ASSETCATALOG_COMPILER_APPICON_NAME = AppIcon;
				CODE_SIGN_IDENTITY = "iPhone Developer";
				INFOPLIST_FILE = iOSCupcake/Info.plist;
				IPHONEOS_DEPLOYMENT_TARGET = 9.0;
				LD_RUNPATH_SEARCH_PATHS = "$(inherited) @executable_path/Frameworks";
				PRODUCT_BUNDLE_IDENTIFIER = com.hassanabid.iOSCupcake;
				PRODUCT_NAME = "$(TARGET_NAME)";
			};
			name = Release;
		};
		3CE1AF1B1D5710C500F4027E /* Debug */ = {
			isa = XCBuildConfiguration;
			buildSettings = {
				BUNDLE_LOADER = "$(TEST_HOST)";
				INFOPLIST_FILE = iOSCupcakeTests/Info.plist;
				LD_RUNPATH_SEARCH_PATHS = "$(inherited) @executable_path/Frameworks @loader_path/Frameworks";
				PRODUCT_BUNDLE_IDENTIFIER = com.hassanabid.iOSCupcakeTests;
				PRODUCT_NAME = "$(TARGET_NAME)";
				TEST_HOST = "$(BUILT_PRODUCTS_DIR)/iOSCupcake.app/iOSCupcake";
			};
			name = Debug;
		};
		3CE1AF1C1D5710C500F4027E /* Release */ = {
			isa = XCBuildConfiguration;
			buildSettings = {
				BUNDLE_LOADER = "$(TEST_HOST)";
				INFOPLIST_FILE = iOSCupcakeTests/Info.plist;
				LD_RUNPATH_SEARCH_PATHS = "$(inherited) @executable_path/Frameworks @loader_path/Frameworks";
				PRODUCT_BUNDLE_IDENTIFIER = com.hassanabid.iOSCupcakeTests;
				PRODUCT_NAME = "$(TARGET_NAME)";
				TEST_HOST = "$(BUILT_PRODUCTS_DIR)/iOSCupcake.app/iOSCupcake";
			};
			name = Release;
		};
		3CE1AF1E1D5710C500F4027E /* Debug */ = {
			isa = XCBuildConfiguration;
			buildSettings = {
				INFOPLIST_FILE = iOSCupcakeUITests/Info.plist;
				LD_RUNPATH_SEARCH_PATHS = "$(inherited) @executable_path/Frameworks @loader_path/Frameworks";
				PRODUCT_BUNDLE_IDENTIFIER = com.hassanabid.iOSCupcakeUITests;
				PRODUCT_NAME = "$(TARGET_NAME)";
				TEST_TARGET_NAME = iOSCupcake;
			};
			name = Debug;
		};
		3CE1AF1F1D5710C500F4027E /* Release */ = {
			isa = XCBuildConfiguration;
			buildSettings = {
				INFOPLIST_FILE = iOSCupcakeUITests/Info.plist;
				LD_RUNPATH_SEARCH_PATHS = "$(inherited) @executable_path/Frameworks @loader_path/Frameworks";
				PRODUCT_BUNDLE_IDENTIFIER = com.hassanabid.iOSCupcakeUITests;
				PRODUCT_NAME = "$(TARGET_NAME)";
				TEST_TARGET_NAME = iOSCupcake;
			};
			name = Release;
		};
/* End XCBuildConfiguration section */

/* Begin XCConfigurationList section */
		3CE1AEEA1D5710C500F4027E /* Build configuration list for PBXProject "iOSCupcake" */ = {
			isa = XCConfigurationList;
			buildConfigurations = (
				3CE1AF151D5710C500F4027E /* Debug */,
				3CE1AF161D5710C500F4027E /* Release */,
			);
			defaultConfigurationIsVisible = 0;
			defaultConfigurationName = Release;
		};
		3CE1AF171D5710C500F4027E /* Build configuration list for PBXNativeTarget "iOSCupcake" */ = {
			isa = XCConfigurationList;
			buildConfigurations = (
				3CE1AF181D5710C500F4027E /* Debug */,
				3CE1AF191D5710C500F4027E /* Release */,
			);
			defaultConfigurationIsVisible = 0;
			defaultConfigurationName = Release;
		};
		3CE1AF1A1D5710C500F4027E /* Build configuration list for PBXNativeTarget "iOSCupcakeTests" */ = {
			isa = XCConfigurationList;
			buildConfigurations = (
				3CE1AF1B1D5710C500F4027E /* Debug */,
				3CE1AF1C1D5710C500F4027E /* Release */,
			);
			defaultConfigurationIsVisible = 0;
			defaultConfigurationName = Release;
		};
		3CE1AF1D1D5710C500F4027E /* Build configuration list for PBXNativeTarget "iOSCupcakeUITests" */ = {
			isa = XCConfigurationList;
			buildConfigurations = (
				3CE1AF1E1D5710C500F4027E /* Debug */,
				3CE1AF1F1D5710C500F4027E /* Release */,
			);
			defaultConfigurationIsVisible = 0;
			defaultConfigurationName = Release;
		};
/* End XCConfigurationList section */
	};
	rootObject = 3CE1AEE71D5710C500F4027E /* Project object */;
}
